// !$*UTF8*$!
{
	archiveVersion = 1;
	classes = {
	};
	objectVersion = 50;
	objects = {

/* Begin PBXBuildFile section */
		F42807AE251A1EB30072A1E6 /* AppDelegate.swift in Sources */ = {isa = PBXBuildFile; fileRef = F42807AD251A1EB30072A1E6 /* AppDelegate.swift */; };
		F42807B0251A1EB30072A1E6 /* SceneDelegate.swift in Sources */ = {isa = PBXBuildFile; fileRef = F42807AF251A1EB30072A1E6 /* SceneDelegate.swift */; };
		F42807B2251A1EB30072A1E6 /* ViewController.swift in Sources */ = {isa = PBXBuildFile; fileRef = F42807B1251A1EB30072A1E6 /* ViewController.swift */; };
		F42807B5251A1EB30072A1E6 /* Main.storyboard in Resources */ = {isa = PBXBuildFile; fileRef = F42807B3251A1EB30072A1E6 /* Main.storyboard */; };
		F42807B7251A1EB50072A1E6 /* Assets.xcassets in Resources */ = {isa = PBXBuildFile; fileRef = F42807B6251A1EB50072A1E6 /* Assets.xcassets */; };
		F42807BA251A1EB50072A1E6 /* LaunchScreen.storyboard in Resources */ = {isa = PBXBuildFile; fileRef = F42807B8251A1EB50072A1E6 /* LaunchScreen.storyboard */; };
		F42807C5251A1EB60072A1E6 /* IB_DemoTests.swift in Sources */ = {isa = PBXBuildFile; fileRef = F42807C4251A1EB60072A1E6 /* IB_DemoTests.swift */; };
		F42807D0251A1EB60072A1E6 /* IB_DemoUITests.swift in Sources */ = {isa = PBXBuildFile; fileRef = F42807CF251A1EB60072A1E6 /* IB_DemoUITests.swift */; };
/* End PBXBuildFile section */

/* Begin PBXContainerItemProxy section */
		F42807C1251A1EB60072A1E6 /* PBXContainerItemProxy */ = {
			isa = PBXContainerItemProxy;
			containerPortal = F42807A2251A1EB30072A1E6 /* Project object */;
			proxyType = 1;
			remoteGlobalIDString = F42807A9251A1EB30072A1E6;
			remoteInfo = "IB-Demo";
		};
		F42807CC251A1EB60072A1E6 /* PBXContainerItemProxy */ = {
			isa = PBXContainerItemProxy;
			containerPortal = F42807A2251A1EB30072A1E6 /* Project object */;
			proxyType = 1;
			remoteGlobalIDString = F42807A9251A1EB30072A1E6;
			remoteInfo = "IB-Demo";
		};
/* End PBXContainerItemProxy section */

/* Begin PBXFileReference section */
		F42807AA251A1EB30072A1E6 /* IB-Demo.app */ = {isa = PBXFileReference; explicitFileType = wrapper.application; includeInIndex = 0; path = "IB-Demo.app"; sourceTree = BUILT_PRODUCTS_DIR; };
		F42807AD251A1EB30072A1E6 /* AppDelegate.swift */ = {isa = PBXFileReference; lastKnownFileType = sourcecode.swift; path = AppDelegate.swift; sourceTree = "<group>"; };
		F42807AF251A1EB30072A1E6 /* SceneDelegate.swift */ = {isa = PBXFileReference; lastKnownFileType = sourcecode.swift; path = SceneDelegate.swift; sourceTree = "<group>"; };
		F42807B1251A1EB30072A1E6 /* ViewController.swift */ = {isa = PBXFileReference; lastKnownFileType = sourcecode.swift; path = ViewController.swift; sourceTree = "<group>"; };
		F42807B4251A1EB30072A1E6 /* Base */ = {isa = PBXFileReference; lastKnownFileType = file.storyboard; name = Base; path = Base.lproj/Main.storyboard; sourceTree = "<group>"; };
		F42807B6251A1EB50072A1E6 /* Assets.xcassets */ = {isa = PBXFileReference; lastKnownFileType = folder.assetcatalog; path = Assets.xcassets; sourceTree = "<group>"; };
		F42807B9251A1EB50072A1E6 /* Base */ = {isa = PBXFileReference; lastKnownFileType = file.storyboard; name = Base; path = Base.lproj/LaunchScreen.storyboard; sourceTree = "<group>"; };
		F42807BB251A1EB50072A1E6 /* Info.plist */ = {isa = PBXFileReference; lastKnownFileType = text.plist.xml; path = Info.plist; sourceTree = "<group>"; };
		F42807C0251A1EB60072A1E6 /* IB-DemoTests.xctest */ = {isa = PBXFileReference; explicitFileType = wrapper.cfbundle; includeInIndex = 0; path = "IB-DemoTests.xctest"; sourceTree = BUILT_PRODUCTS_DIR; };
		F42807C4251A1EB60072A1E6 /* IB_DemoTests.swift */ = {isa = PBXFileReference; lastKnownFileType = sourcecode.swift; path = IB_DemoTests.swift; sourceTree = "<group>"; };
		F42807C6251A1EB60072A1E6 /* Info.plist */ = {isa = PBXFileReference; lastKnownFileType = text.plist.xml; path = Info.plist; sourceTree = "<group>"; };
		F42807CB251A1EB60072A1E6 /* IB-DemoUITests.xctest */ = {isa = PBXFileReference; explicitFileType = wrapper.cfbundle; includeInIndex = 0; path = "IB-DemoUITests.xctest"; sourceTree = BUILT_PRODUCTS_DIR; };
		F42807CF251A1EB60072A1E6 /* IB_DemoUITests.swift */ = {isa = PBXFileReference; lastKnownFileType = sourcecode.swift; path = IB_DemoUITests.swift; sourceTree = "<group>"; };
		F42807D1251A1EB60072A1E6 /* Info.plist */ = {isa = PBXFileReference; lastKnownFileType = text.plist.xml; path = Info.plist; sourceTree = "<group>"; };
/* End PBXFileReference section */

/* Begin PBXFrameworksBuildPhase section */
		F42807A7251A1EB30072A1E6 /* Frameworks */ = {
			isa = PBXFrameworksBuildPhase;
			buildActionMask = 2147483647;
			files = (
			);
			runOnlyForDeploymentPostprocessing = 0;
		};
		F42807BD251A1EB60072A1E6 /* Frameworks */ = {
			isa = PBXFrameworksBuildPhase;
			buildActionMask = 2147483647;
			files = (
			);
			runOnlyForDeploymentPostprocessing = 0;
		};
		F42807C8251A1EB60072A1E6 /* Frameworks */ = {
			isa = PBXFrameworksBuildPhase;
			buildActionMask = 2147483647;
			files = (
			);
			runOnlyForDeploymentPostprocessing = 0;
		};
/* End PBXFrameworksBuildPhase section */

/* Begin PBXGroup section */
		F42807A1251A1EB30072A1E6 = {
			isa = PBXGroup;
			children = (
				F42807AC251A1EB30072A1E6 /* IB-Demo */,
				F42807C3251A1EB60072A1E6 /* IB-DemoTests */,
				F42807CE251A1EB60072A1E6 /* IB-DemoUITests */,
				F42807AB251A1EB30072A1E6 /* Products */,
			);
			sourceTree = "<group>";
		};
		F42807AB251A1EB30072A1E6 /* Products */ = {
			isa = PBXGroup;
			children = (
				F42807AA251A1EB30072A1E6 /* IB-Demo.app */,
				F42807C0251A1EB60072A1E6 /* IB-DemoTests.xctest */,
				F42807CB251A1EB60072A1E6 /* IB-DemoUITests.xctest */,
			);
			name = Products;
			sourceTree = "<group>";
		};
		F42807AC251A1EB30072A1E6 /* IB-Demo */ = {
			isa = PBXGroup;
			children = (
				F42807AD251A1EB30072A1E6 /* AppDelegate.swift */,
				F42807AF251A1EB30072A1E6 /* SceneDelegate.swift */,
				F42807B1251A1EB30072A1E6 /* ViewController.swift */,
				F42807B3251A1EB30072A1E6 /* Main.storyboard */,
				F42807B6251A1EB50072A1E6 /* Assets.xcassets */,
				F42807B8251A1EB50072A1E6 /* LaunchScreen.storyboard */,
				F42807BB251A1EB50072A1E6 /* Info.plist */,
			);
			path = "IB-Demo";
			sourceTree = "<group>";
		};
		F42807C3251A1EB60072A1E6 /* IB-DemoTests */ = {
			isa = PBXGroup;
			children = (
				F42807C4251A1EB60072A1E6 /* IB_DemoTests.swift */,
				F42807C6251A1EB60072A1E6 /* Info.plist */,
			);
			path = "IB-DemoTests";
			sourceTree = "<group>";
		};
		F42807CE251A1EB60072A1E6 /* IB-DemoUITests */ = {
			isa = PBXGroup;
			children = (
				F42807CF251A1EB60072A1E6 /* IB_DemoUITests.swift */,
				F42807D1251A1EB60072A1E6 /* Info.plist */,
			);
			path = "IB-DemoUITests";
			sourceTree = "<group>";
		};
/* End PBXGroup section */

/* Begin PBXNativeTarget section */
		F42807A9251A1EB30072A1E6 /* IB-Demo */ = {
			isa = PBXNativeTarget;
			buildConfigurationList = F42807D4251A1EB60072A1E6 /* Build configuration list for PBXNativeTarget "IB-Demo" */;
			buildPhases = (
				F42807A6251A1EB30072A1E6 /* Sources */,
				F42807A7251A1EB30072A1E6 /* Frameworks */,
				F42807A8251A1EB30072A1E6 /* Resources */,
			);
			buildRules = (
			);
			dependencies = (
			);
			name = "IB-Demo";
			productName = "IB-Demo";
			productReference = F42807AA251A1EB30072A1E6 /* IB-Demo.app */;
			productType = "com.apple.product-type.application";
		};
		F42807BF251A1EB60072A1E6 /* IB-DemoTests */ = {
			isa = PBXNativeTarget;
			buildConfigurationList = F42807D7251A1EB60072A1E6 /* Build configuration list for PBXNativeTarget "IB-DemoTests" */;
			buildPhases = (
				F42807BC251A1EB60072A1E6 /* Sources */,
				F42807BD251A1EB60072A1E6 /* Frameworks */,
				F42807BE251A1EB60072A1E6 /* Resources */,
			);
			buildRules = (
			);
			dependencies = (
				F42807C2251A1EB60072A1E6 /* PBXTargetDependency */,
			);
			name = "IB-DemoTests";
			productName = "IB-DemoTests";
			productReference = F42807C0251A1EB60072A1E6 /* IB-DemoTests.xctest */;
			productType = "com.apple.product-type.bundle.unit-test";
		};
		F42807CA251A1EB60072A1E6 /* IB-DemoUITests */ = {
			isa = PBXNativeTarget;
			buildConfigurationList = F42807DA251A1EB60072A1E6 /* Build configuration list for PBXNativeTarget "IB-DemoUITests" */;
			buildPhases = (
				F42807C7251A1EB60072A1E6 /* Sources */,
				F42807C8251A1EB60072A1E6 /* Frameworks */,
				F42807C9251A1EB60072A1E6 /* Resources */,
			);
			buildRules = (
			);
			dependencies = (
				F42807CD251A1EB60072A1E6 /* PBXTargetDependency */,
			);
			name = "IB-DemoUITests";
			productName = "IB-DemoUITests";
			productReference = F42807CB251A1EB60072A1E6 /* IB-DemoUITests.xctest */;
			productType = "com.apple.product-type.bundle.ui-testing";
		};
/* End PBXNativeTarget section */

/* Begin PBXProject section */
		F42807A2251A1EB30072A1E6 /* Project object */ = {
			isa = PBXProject;
			attributes = {
				LastSwiftUpdateCheck = 1200;
				LastUpgradeCheck = 1200;
				TargetAttributes = {
					F42807A9251A1EB30072A1E6 = {
						CreatedOnToolsVersion = 12.0;
					};
					F42807BF251A1EB60072A1E6 = {
						CreatedOnToolsVersion = 12.0;
						TestTargetID = F42807A9251A1EB30072A1E6;
					};
					F42807CA251A1EB60072A1E6 = {
						CreatedOnToolsVersion = 12.0;
						TestTargetID = F42807A9251A1EB30072A1E6;
					};
				};
			};
			buildConfigurationList = F42807A5251A1EB30072A1E6 /* Build configuration list for PBXProject "IB-Demo" */;
			compatibilityVersion = "Xcode 9.3";
			developmentRegion = en;
			hasScannedForEncodings = 0;
			knownRegions = (
				en,
				Base,
			);
			mainGroup = F42807A1251A1EB30072A1E6;
			productRefGroup = F42807AB251A1EB30072A1E6 /* Products */;
			projectDirPath = "";
			projectRoot = "";
			targets = (
				F42807A9251A1EB30072A1E6 /* IB-Demo */,
				F42807BF251A1EB60072A1E6 /* IB-DemoTests */,
				F42807CA251A1EB60072A1E6 /* IB-DemoUITests */,
			);
		};
/* End PBXProject section */

/* Begin PBXResourcesBuildPhase section */
		F42807A8251A1EB30072A1E6 /* Resources */ = {
			isa = PBXResourcesBuildPhase;
			buildActionMask = 2147483647;
			files = (
				F42807BA251A1EB50072A1E6 /* LaunchScreen.storyboard in Resources */,
				F42807B7251A1EB50072A1E6 /* Assets.xcassets in Resources */,
				F42807B5251A1EB30072A1E6 /* Main.storyboard in Resources */,
			);
			runOnlyForDeploymentPostprocessing = 0;
		};
		F42807BE251A1EB60072A1E6 /* Resources */ = {
			isa = PBXResourcesBuildPhase;
			buildActionMask = 2147483647;
			files = (
			);
			runOnlyForDeploymentPostprocessing = 0;
		};
		F42807C9251A1EB60072A1E6 /* Resources */ = {
			isa = PBXResourcesBuildPhase;
			buildActionMask = 2147483647;
			files = (
			);
			runOnlyForDeploymentPostprocessing = 0;
		};
/* End PBXResourcesBuildPhase section */

/* Begin PBXSourcesBuildPhase section */
		F42807A6251A1EB30072A1E6 /* Sources */ = {
			isa = PBXSourcesBuildPhase;
			buildActionMask = 2147483647;
			files = (
				F42807B2251A1EB30072A1E6 /* ViewController.swift in Sources */,
				F42807AE251A1EB30072A1E6 /* AppDelegate.swift in Sources */,
				F42807B0251A1EB30072A1E6 /* SceneDelegate.swift in Sources */,
			);
			runOnlyForDeploymentPostprocessing = 0;
		};
		F42807BC251A1EB60072A1E6 /* Sources */ = {
			isa = PBXSourcesBuildPhase;
			buildActionMask = 2147483647;
			files = (
				F42807C5251A1EB60072A1E6 /* IB_DemoTests.swift in Sources */,
			);
			runOnlyForDeploymentPostprocessing = 0;
		};
		F42807C7251A1EB60072A1E6 /* Sources */ = {
			isa = PBXSourcesBuildPhase;
			buildActionMask = 2147483647;
			files = (
				F42807D0251A1EB60072A1E6 /* IB_DemoUITests.swift in Sources */,
			);
			runOnlyForDeploymentPostprocessing = 0;
		};
/* End PBXSourcesBuildPhase section */

/* Begin PBXTargetDependency section */
		F42807C2251A1EB60072A1E6 /* PBXTargetDependency */ = {
			isa = PBXTargetDependency;
			target = F42807A9251A1EB30072A1E6 /* IB-Demo */;
			targetProxy = F42807C1251A1EB60072A1E6 /* PBXContainerItemProxy */;
		};
		F42807CD251A1EB60072A1E6 /* PBXTargetDependency */ = {
			isa = PBXTargetDependency;
			target = F42807A9251A1EB30072A1E6 /* IB-Demo */;
			targetProxy = F42807CC251A1EB60072A1E6 /* PBXContainerItemProxy */;
		};
/* End PBXTargetDependency section */

/* Begin PBXVariantGroup section */
		F42807B3251A1EB30072A1E6 /* Main.storyboard */ = {
			isa = PBXVariantGroup;
			children = (
				F42807B4251A1EB30072A1E6 /* Base */,
			);
			name = Main.storyboard;
			sourceTree = "<group>";
		};
		F42807B8251A1EB50072A1E6 /* LaunchScreen.storyboard */ = {
			isa = PBXVariantGroup;
			children = (
				F42807B9251A1EB50072A1E6 /* Base */,
			);
			name = LaunchScreen.storyboard;
			sourceTree = "<group>";
		};
/* End PBXVariantGroup section */

/* Begin XCBuildConfiguration section */
		F42807D2251A1EB60072A1E6 /* Debug */ = {
			isa = XCBuildConfiguration;
			buildSettings = {
				ALWAYS_SEARCH_USER_PATHS = NO;
				CLANG_ANALYZER_NONNULL = YES;
				CLANG_ANALYZER_NUMBER_OBJECT_CONVERSION = YES_AGGRESSIVE;
				CLANG_CXX_LANGUAGE_STANDARD = "gnu++14";
				CLANG_CXX_LIBRARY = "libc++";
				CLANG_ENABLE_MODULES = YES;
				CLANG_ENABLE_OBJC_ARC = YES;
				CLANG_ENABLE_OBJC_WEAK = YES;
				CLANG_WARN_BLOCK_CAPTURE_AUTORELEASING = YES;
				CLANG_WARN_BOOL_CONVERSION = YES;
				CLANG_WARN_COMMA = YES;
				CLANG_WARN_CONSTANT_CONVERSION = YES;
				CLANG_WARN_DEPRECATED_OBJC_IMPLEMENTATIONS = YES;
				CLANG_WARN_DIRECT_OBJC_ISA_USAGE = YES_ERROR;
				CLANG_WARN_DOCUMENTATION_COMMENTS = YES;
				CLANG_WARN_EMPTY_BODY = YES;
				CLANG_WARN_ENUM_CONVERSION = YES;
				CLANG_WARN_INFINITE_RECURSION = YES;
				CLANG_WARN_INT_CONVERSION = YES;
				CLANG_WARN_NON_LITERAL_NULL_CONVERSION = YES;
				CLANG_WARN_OBJC_IMPLICIT_RETAIN_SELF = YES;
				CLANG_WARN_OBJC_LITERAL_CONVERSION = YES;
				CLANG_WARN_OBJC_ROOT_CLASS = YES_ERROR;
				CLANG_WARN_QUOTED_INCLUDE_IN_FRAMEWORK_HEADER = YES;
				CLANG_WARN_RANGE_LOOP_ANALYSIS = YES;
				CLANG_WARN_STRICT_PROTOTYPES = YES;
				CLANG_WARN_SUSPICIOUS_MOVE = YES;
				CLANG_WARN_UNGUARDED_AVAILABILITY = YES_AGGRESSIVE;
				CLANG_WARN_UNREACHABLE_CODE = YES;
				CLANG_WARN__DUPLICATE_METHOD_MATCH = YES;
				COPY_PHASE_STRIP = NO;
				DEBUG_INFORMATION_FORMAT = dwarf;
				ENABLE_STRICT_OBJC_MSGSEND = YES;
				ENABLE_TESTABILITY = YES;
				GCC_C_LANGUAGE_STANDARD = gnu11;
				GCC_DYNAMIC_NO_PIC = NO;
				GCC_NO_COMMON_BLOCKS = YES;
				GCC_OPTIMIZATION_LEVEL = 0;
				GCC_PREPROCESSOR_DEFINITIONS = (
					"DEBUG=1",
					"$(inherited)",
				);
				GCC_WARN_64_TO_32_BIT_CONVERSION = YES;
				GCC_WARN_ABOUT_RETURN_TYPE = YES_ERROR;
				GCC_WARN_UNDECLARED_SELECTOR = YES;
				GCC_WARN_UNINITIALIZED_AUTOS = YES_AGGRESSIVE;
				GCC_WARN_UNUSED_FUNCTION = YES;
				GCC_WARN_UNUSED_VARIABLE = YES;
				IPHONEOS_DEPLOYMENT_TARGET = 14.0;
				MTL_ENABLE_DEBUG_INFO = INCLUDE_SOURCE;
				MTL_FAST_MATH = YES;
				ONLY_ACTIVE_ARCH = YES;
				SDKROOT = iphoneos;
				SWIFT_ACTIVE_COMPILATION_CONDITIONS = DEBUG;
				SWIFT_OPTIMIZATION_LEVEL = "-Onone";
			};
			name = Debug;
		};
		F42807D3251A1EB60072A1E6 /* Release */ = {
			isa = XCBuildConfiguration;
			buildSettings = {
				ALWAYS_SEARCH_USER_PATHS = NO;
				CLANG_ANALYZER_NONNULL = YES;
				CLANG_ANALYZER_NUMBER_OBJECT_CONVERSION = YES_AGGRESSIVE;
				CLANG_CXX_LANGUAGE_STANDARD = "gnu++14";
				CLANG_CXX_LIBRARY = "libc++";
				CLANG_ENABLE_MODULES = YES;
				CLANG_ENABLE_OBJC_ARC = YES;
				CLANG_ENABLE_OBJC_WEAK = YES;
				CLANG_WARN_BLOCK_CAPTURE_AUTORELEASING = YES;
				CLANG_WARN_BOOL_CONVERSION = YES;
				CLANG_WARN_COMMA = YES;
				CLANG_WARN_CONSTANT_CONVERSION = YES;
				CLANG_WARN_DEPRECATED_OBJC_IMPLEMENTATIONS = YES;
				CLANG_WARN_DIRECT_OBJC_ISA_USAGE = YES_ERROR;
				CLANG_WARN_DOCUMENTATION_COMMENTS = YES;
				CLANG_WARN_EMPTY_BODY = YES;
				CLANG_WARN_ENUM_CONVERSION = YES;
				CLANG_WARN_INFINITE_RECURSION = YES;
				CLANG_WARN_INT_CONVERSION = YES;
				CLANG_WARN_NON_LITERAL_NULL_CONVERSION = YES;
				CLANG_WARN_OBJC_IMPLICIT_RETAIN_SELF = YES;
				CLANG_WARN_OBJC_LITERAL_CONVERSION = YES;
				CLANG_WARN_OBJC_ROOT_CLASS = YES_ERROR;
				CLANG_WARN_QUOTED_INCLUDE_IN_FRAMEWORK_HEADER = YES;
				CLANG_WARN_RANGE_LOOP_ANALYSIS = YES;
				CLANG_WARN_STRICT_PROTOTYPES = YES;
				CLANG_WARN_SUSPICIOUS_MOVE = YES;
				CLANG_WARN_UNGUARDED_AVAILABILITY = YES_AGGRESSIVE;
				CLANG_WARN_UNREACHABLE_CODE = YES;
				CLANG_WARN__DUPLICATE_METHOD_MATCH = YES;
				COPY_PHASE_STRIP = NO;
				DEBUG_INFORMATION_FORMAT = "dwarf-with-dsym";
				ENABLE_NS_ASSERTIONS = NO;
				ENABLE_STRICT_OBJC_MSGSEND = YES;
				GCC_C_LANGUAGE_STANDARD = gnu11;
				GCC_NO_COMMON_BLOCKS = YES;
				GCC_WARN_64_TO_32_BIT_CONVERSION = YES;
				GCC_WARN_ABOUT_RETURN_TYPE = YES_ERROR;
				GCC_WARN_UNDECLARED_SELECTOR = YES;
				GCC_WARN_UNINITIALIZED_AUTOS = YES_AGGRESSIVE;
				GCC_WARN_UNUSED_FUNCTION = YES;
				GCC_WARN_UNUSED_VARIABLE = YES;
				IPHONEOS_DEPLOYMENT_TARGET = 14.0;
				MTL_ENABLE_DEBUG_INFO = NO;
				MTL_FAST_MATH = YES;
				SDKROOT = iphoneos;
				SWIFT_COMPILATION_MODE = wholemodule;
				SWIFT_OPTIMIZATION_LEVEL = "-O";
				VALIDATE_PRODUCT = YES;
			};
			name = Release;
		};
		F42807D5251A1EB60072A1E6 /* Debug */ = {
			isa = XCBuildConfiguration;
			buildSettings = {
				ASSETCATALOG_COMPILER_APPICON_NAME = AppIcon;
				ASSETCATALOG_COMPILER_GLOBAL_ACCENT_COLOR_NAME = AccentColor;
				CODE_SIGN_STYLE = Automatic;
				INFOPLIST_FILE = "IB-Demo/Info.plist";
				LD_RUNPATH_SEARCH_PATHS = (
					"$(inherited)",
					"@executable_path/Frameworks",
				);
				PRODUCT_BUNDLE_IDENTIFIER = "com.simon.IB-Demo";
				PRODUCT_NAME = "$(TARGET_NAME)";
				SWIFT_VERSION = 5.0;
				TARGETED_DEVICE_FAMILY = "1,2";
			};
			name = Debug;
		};
		F42807D6251A1EB60072A1E6 /* Release */ = {
			isa = XCBuildConfiguration;
			buildSettings = {
				ASSETCATALOG_COMPILER_APPICON_NAME = AppIcon;
				ASSETCATALOG_COMPILER_GLOBAL_ACCENT_COLOR_NAME = AccentColor;
				CODE_SIGN_STYLE = Automatic;
				INFOPLIST_FILE = "IB-Demo/Info.plist";
				LD_RUNPATH_SEARCH_PATHS = (
					"$(inherited)",
					"@executable_path/Frameworks",
				);
				PRODUCT_BUNDLE_IDENTIFIER = "com.simon.IB-Demo";
				PRODUCT_NAME = "$(TARGET_NAME)";
				SWIFT_VERSION = 5.0;
				TARGETED_DEVICE_FAMILY = "1,2";
			};
			name = Release;
		};
		F42807D8251A1EB60072A1E6 /* Debug */ = {
			isa = XCBuildConfiguration;
			buildSettings = {
				ALWAYS_EMBED_SWIFT_STANDARD_LIBRARIES = YES;
				BUNDLE_LOADER = "$(TEST_HOST)";
				CODE_SIGN_STYLE = Automatic;
				INFOPLIST_FILE = "IB-DemoTests/Info.plist";
				IPHONEOS_DEPLOYMENT_TARGET = 14.0;
				LD_RUNPATH_SEARCH_PATHS = (
					"$(inherited)",
					"@executable_path/Frameworks",
					"@loader_path/Frameworks",
				);
				PRODUCT_BUNDLE_IDENTIFIER = "com.simon.IB-DemoTests";
				PRODUCT_NAME = "$(TARGET_NAME)";
				SWIFT_VERSION = 5.0;
				TARGETED_DEVICE_FAMILY = "1,2";
				TEST_HOST = "$(BUILT_PRODUCTS_DIR)/IB-Demo.app/IB-Demo";
			};
			name = Debug;
		};
		F42807D9251A1EB60072A1E6 /* Release */ = {
			isa = XCBuildConfiguration;
			buildSettings = {
				ALWAYS_EMBED_SWIFT_STANDARD_LIBRARIES = YES;
				BUNDLE_LOADER = "$(TEST_HOST)";
				CODE_SIGN_STYLE = Automatic;
				INFOPLIST_FILE = "IB-DemoTests/Info.plist";
				IPHONEOS_DEPLOYMENT_TARGET = 14.0;
				LD_RUNPATH_SEARCH_PATHS = (
					"$(inherited)",
					"@executable_path/Frameworks",
					"@loader_path/Frameworks",
				);
				PRODUCT_BUNDLE_IDENTIFIER = "com.simon.IB-DemoTests";
				PRODUCT_NAME = "$(TARGET_NAME)";
				SWIFT_VERSION = 5.0;
				TARGETED_DEVICE_FAMILY = "1,2";
				TEST_HOST = "$(BUILT_PRODUCTS_DIR)/IB-Demo.app/IB-Demo";
			};
			name = Release;
		};
		F42807DB251A1EB60072A1E6 /* Debug */ = {
			isa = XCBuildConfiguration;
			buildSettings = {
				ALWAYS_EMBED_SWIFT_STANDARD_LIBRARIES = YES;
				CODE_SIGN_STYLE = Automatic;
				INFOPLIST_FILE = "IB-DemoUITests/Info.plist";
				LD_RUNPATH_SEARCH_PATHS = (
					"$(inherited)",
					"@executable_path/Frameworks",
					"@loader_path/Frameworks",
				);
				PRODUCT_BUNDLE_IDENTIFIER = "com.simon.IB-DemoUITests";
				PRODUCT_NAME = "$(TARGET_NAME)";
				SWIFT_VERSION = 5.0;
				TARGETED_DEVICE_FAMILY = "1,2";
				TEST_TARGET_NAME = "IB-Demo";
			};
			name = Debug;
		};
		F42807DC251A1EB60072A1E6 /* Release */ = {
			isa = XCBuildConfiguration;
			buildSettings = {
				ALWAYS_EMBED_SWIFT_STANDARD_LIBRARIES = YES;
				CODE_SIGN_STYLE = Automatic;
				INFOPLIST_FILE = "IB-DemoUITests/Info.plist";
				LD_RUNPATH_SEARCH_PATHS = (
					"$(inherited)",
					"@executable_path/Frameworks",
					"@loader_path/Frameworks",
				);
				PRODUCT_BUNDLE_IDENTIFIER = "com.simon.IB-DemoUITests";
				PRODUCT_NAME = "$(TARGET_NAME)";
				SWIFT_VERSION = 5.0;
				TARGETED_DEVICE_FAMILY = "1,2";
				TEST_TARGET_NAME = "IB-Demo";
			};
			name = Release;
		};
/* End XCBuildConfiguration section */

/* Begin XCConfigurationList section */
		F42807A5251A1EB30072A1E6 /* Build configuration list for PBXProject "IB-Demo" */ = {
			isa = XCConfigurationList;
			buildConfigurations = (
				F42807D2251A1EB60072A1E6 /* Debug */,
				F42807D3251A1EB60072A1E6 /* Release */,
			);
			defaultConfigurationIsVisible = 0;
			defaultConfigurationName = Release;
		};
		F42807D4251A1EB60072A1E6 /* Build configuration list for PBXNativeTarget "IB-Demo" */ = {
			isa = XCConfigurationList;
			buildConfigurations = (
				F42807D5251A1EB60072A1E6 /* Debug */,
				F42807D6251A1EB60072A1E6 /* Release */,
			);
			defaultConfigurationIsVisible = 0;
			defaultConfigurationName = Release;
		};
		F42807D7251A1EB60072A1E6 /* Build configuration list for PBXNativeTarget "IB-DemoTests" */ = {
			isa = XCConfigurationList;
			buildConfigurations = (
				F42807D8251A1EB60072A1E6 /* Debug */,
				F42807D9251A1EB60072A1E6 /* Release */,
			);
			defaultConfigurationIsVisible = 0;
			defaultConfigurationName = Release;
		};
		F42807DA251A1EB60072A1E6 /* Build configuration list for PBXNativeTarget "IB-DemoUITests" */ = {
			isa = XCConfigurationList;
			buildConfigurations = (
				F42807DB251A1EB60072A1E6 /* Debug */,
				F42807DC251A1EB60072A1E6 /* Release */,
			);
			defaultConfigurationIsVisible = 0;
			defaultConfigurationName = Release;
		};
/* End XCConfigurationList section */
	};
	rootObject = F42807A2251A1EB30072A1E6 /* Project object */;
}
