// !$*UTF8*$!
{
	archiveVersion = 1;
	classes = {
	};
	objectVersion = 50;
	objects = {

/* Begin PBXBuildFile section */
		F42F78D62519160F00944336 /* AppDelegate.swift in Sources */ = {isa = PBXBuildFile; fileRef = F42F78D52519160F00944336 /* AppDelegate.swift */; };
		F42F78D82519160F00944336 /* SceneDelegate.swift in Sources */ = {isa = PBXBuildFile; fileRef = F42F78D72519160F00944336 /* SceneDelegate.swift */; };
		F42F78DA2519160F00944336 /* ViewController.swift in Sources */ = {isa = PBXBuildFile; fileRef = F42F78D92519160F00944336 /* ViewController.swift */; };
		F42F78DD2519160F00944336 /* Main.storyboard in Resources */ = {isa = PBXBuildFile; fileRef = F42F78DB2519160F00944336 /* Main.storyboard */; };
		F42F78DF2519161100944336 /* Assets.xcassets in Resources */ = {isa = PBXBuildFile; fileRef = F42F78DE2519161100944336 /* Assets.xcassets */; };
		F42F78E22519161100944336 /* LaunchScreen.storyboard in Resources */ = {isa = PBXBuildFile; fileRef = F42F78E02519161100944336 /* LaunchScreen.storyboard */; };
		F42F78ED2519161200944336 /* SW02Tests.swift in Sources */ = {isa = PBXBuildFile; fileRef = F42F78EC2519161200944336 /* SW02Tests.swift */; };
		F42F78F82519161200944336 /* SW02UITests.swift in Sources */ = {isa = PBXBuildFile; fileRef = F42F78F72519161200944336 /* SW02UITests.swift */; };
/* End PBXBuildFile section */

/* Begin PBXContainerItemProxy section */
		F42F78E92519161200944336 /* PBXContainerItemProxy */ = {
			isa = PBXContainerItemProxy;
			containerPortal = F42F78CA2519160F00944336 /* Project object */;
			proxyType = 1;
			remoteGlobalIDString = F42F78D12519160F00944336;
			remoteInfo = SW02;
		};
		F42F78F42519161200944336 /* PBXContainerItemProxy */ = {
			isa = PBXContainerItemProxy;
			containerPortal = F42F78CA2519160F00944336 /* Project object */;
			proxyType = 1;
			remoteGlobalIDString = F42F78D12519160F00944336;
			remoteInfo = SW02;
		};
/* End PBXContainerItemProxy section */

/* Begin PBXFileReference section */
		F42F78D22519160F00944336 /* SW02.app */ = {isa = PBXFileReference; explicitFileType = wrapper.application; includeInIndex = 0; path = SW02.app; sourceTree = BUILT_PRODUCTS_DIR; };
		F42F78D52519160F00944336 /* AppDelegate.swift */ = {isa = PBXFileReference; lastKnownFileType = sourcecode.swift; path = AppDelegate.swift; sourceTree = "<group>"; };
		F42F78D72519160F00944336 /* SceneDelegate.swift */ = {isa = PBXFileReference; lastKnownFileType = sourcecode.swift; path = SceneDelegate.swift; sourceTree = "<group>"; };
		F42F78D92519160F00944336 /* ViewController.swift */ = {isa = PBXFileReference; lastKnownFileType = sourcecode.swift; path = ViewController.swift; sourceTree = "<group>"; };
		F42F78DC2519160F00944336 /* Base */ = {isa = PBXFileReference; lastKnownFileType = file.storyboard; name = Base; path = Base.lproj/Main.storyboard; sourceTree = "<group>"; };
		F42F78DE2519161100944336 /* Assets.xcassets */ = {isa = PBXFileReference; lastKnownFileType = folder.assetcatalog; path = Assets.xcassets; sourceTree = "<group>"; };
		F42F78E12519161100944336 /* Base */ = {isa = PBXFileReference; lastKnownFileType = file.storyboard; name = Base; path = Base.lproj/LaunchScreen.storyboard; sourceTree = "<group>"; };
		F42F78E32519161100944336 /* Info.plist */ = {isa = PBXFileReference; lastKnownFileType = text.plist.xml; path = Info.plist; sourceTree = "<group>"; };
		F42F78E82519161200944336 /* SW02Tests.xctest */ = {isa = PBXFileReference; explicitFileType = wrapper.cfbundle; includeInIndex = 0; path = SW02Tests.xctest; sourceTree = BUILT_PRODUCTS_DIR; };
		F42F78EC2519161200944336 /* SW02Tests.swift */ = {isa = PBXFileReference; lastKnownFileType = sourcecode.swift; path = SW02Tests.swift; sourceTree = "<group>"; };
		F42F78EE2519161200944336 /* Info.plist */ = {isa = PBXFileReference; lastKnownFileType = text.plist.xml; path = Info.plist; sourceTree = "<group>"; };
		F42F78F32519161200944336 /* SW02UITests.xctest */ = {isa = PBXFileReference; explicitFileType = wrapper.cfbundle; includeInIndex = 0; path = SW02UITests.xctest; sourceTree = BUILT_PRODUCTS_DIR; };
		F42F78F72519161200944336 /* SW02UITests.swift */ = {isa = PBXFileReference; lastKnownFileType = sourcecode.swift; path = SW02UITests.swift; sourceTree = "<group>"; };
		F42F78F92519161200944336 /* Info.plist */ = {isa = PBXFileReference; lastKnownFileType = text.plist.xml; path = Info.plist; sourceTree = "<group>"; };
/* End PBXFileReference section */

/* Begin PBXFrameworksBuildPhase section */
		F42F78CF2519160F00944336 /* Frameworks */ = {
			isa = PBXFrameworksBuildPhase;
			buildActionMask = 2147483647;
			files = (
			);
			runOnlyForDeploymentPostprocessing = 0;
		};
		F42F78E52519161200944336 /* Frameworks */ = {
			isa = PBXFrameworksBuildPhase;
			buildActionMask = 2147483647;
			files = (
			);
			runOnlyForDeploymentPostprocessing = 0;
		};
		F42F78F02519161200944336 /* Frameworks */ = {
			isa = PBXFrameworksBuildPhase;
			buildActionMask = 2147483647;
			files = (
			);
			runOnlyForDeploymentPostprocessing = 0;
		};
/* End PBXFrameworksBuildPhase section */

/* Begin PBXGroup section */
		F42F78C92519160F00944336 = {
			isa = PBXGroup;
			children = (
				F42F78D42519160F00944336 /* SW02 */,
				F42F78EB2519161200944336 /* SW02Tests */,
				F42F78F62519161200944336 /* SW02UITests */,
				F42F78D32519160F00944336 /* Products */,
			);
			sourceTree = "<group>";
		};
		F42F78D32519160F00944336 /* Products */ = {
			isa = PBXGroup;
			children = (
				F42F78D22519160F00944336 /* SW02.app */,
				F42F78E82519161200944336 /* SW02Tests.xctest */,
				F42F78F32519161200944336 /* SW02UITests.xctest */,
			);
			name = Products;
			sourceTree = "<group>";
		};
		F42F78D42519160F00944336 /* SW02 */ = {
			isa = PBXGroup;
			children = (
				F42F78D52519160F00944336 /* AppDelegate.swift */,
				F42F78D72519160F00944336 /* SceneDelegate.swift */,
				F42F78D92519160F00944336 /* ViewController.swift */,
				F42F78DB2519160F00944336 /* Main.storyboard */,
				F42F78DE2519161100944336 /* Assets.xcassets */,
				F42F78E02519161100944336 /* LaunchScreen.storyboard */,
				F42F78E32519161100944336 /* Info.plist */,
			);
			path = SW02;
			sourceTree = "<group>";
		};
		F42F78EB2519161200944336 /* SW02Tests */ = {
			isa = PBXGroup;
			children = (
				F42F78EC2519161200944336 /* SW02Tests.swift */,
				F42F78EE2519161200944336 /* Info.plist */,
			);
			path = SW02Tests;
			sourceTree = "<group>";
		};
		F42F78F62519161200944336 /* SW02UITests */ = {
			isa = PBXGroup;
			children = (
				F42F78F72519161200944336 /* SW02UITests.swift */,
				F42F78F92519161200944336 /* Info.plist */,
			);
			path = SW02UITests;
			sourceTree = "<group>";
		};
/* End PBXGroup section */

/* Begin PBXNativeTarget section */
		F42F78D12519160F00944336 /* SW02 */ = {
			isa = PBXNativeTarget;
			buildConfigurationList = F42F78FC2519161200944336 /* Build configuration list for PBXNativeTarget "SW02" */;
			buildPhases = (
				F42F78CE2519160F00944336 /* Sources */,
				F42F78CF2519160F00944336 /* Frameworks */,
				F42F78D02519160F00944336 /* Resources */,
			);
			buildRules = (
			);
			dependencies = (
			);
			name = SW02;
			productName = SW02;
			productReference = F42F78D22519160F00944336 /* SW02.app */;
			productType = "com.apple.product-type.application";
		};
		F42F78E72519161200944336 /* SW02Tests */ = {
			isa = PBXNativeTarget;
			buildConfigurationList = F42F78FF2519161200944336 /* Build configuration list for PBXNativeTarget "SW02Tests" */;
			buildPhases = (
				F42F78E42519161200944336 /* Sources */,
				F42F78E52519161200944336 /* Frameworks */,
				F42F78E62519161200944336 /* Resources */,
			);
			buildRules = (
			);
			dependencies = (
				F42F78EA2519161200944336 /* PBXTargetDependency */,
			);
			name = SW02Tests;
			productName = SW02Tests;
			productReference = F42F78E82519161200944336 /* SW02Tests.xctest */;
			productType = "com.apple.product-type.bundle.unit-test";
		};
		F42F78F22519161200944336 /* SW02UITests */ = {
			isa = PBXNativeTarget;
			buildConfigurationList = F42F79022519161200944336 /* Build configuration list for PBXNativeTarget "SW02UITests" */;
			buildPhases = (
				F42F78EF2519161200944336 /* Sources */,
				F42F78F02519161200944336 /* Frameworks */,
				F42F78F12519161200944336 /* Resources */,
			);
			buildRules = (
			);
			dependencies = (
				F42F78F52519161200944336 /* PBXTargetDependency */,
			);
			name = SW02UITests;
			productName = SW02UITests;
			productReference = F42F78F32519161200944336 /* SW02UITests.xctest */;
			productType = "com.apple.product-type.bundle.ui-testing";
		};
/* End PBXNativeTarget section */

/* Begin PBXProject section */
		F42F78CA2519160F00944336 /* Project object */ = {
			isa = PBXProject;
			attributes = {
				LastSwiftUpdateCheck = 1200;
				LastUpgradeCheck = 1200;
				TargetAttributes = {
					F42F78D12519160F00944336 = {
						CreatedOnToolsVersion = 12.0;
					};
					F42F78E72519161200944336 = {
						CreatedOnToolsVersion = 12.0;
						TestTargetID = F42F78D12519160F00944336;
					};
					F42F78F22519161200944336 = {
						CreatedOnToolsVersion = 12.0;
						TestTargetID = F42F78D12519160F00944336;
					};
				};
			};
			buildConfigurationList = F42F78CD2519160F00944336 /* Build configuration list for PBXProject "SW02" */;
			compatibilityVersion = "Xcode 9.3";
			developmentRegion = en;
			hasScannedForEncodings = 0;
			knownRegions = (
				en,
				Base,
			);
			mainGroup = F42F78C92519160F00944336;
			productRefGroup = F42F78D32519160F00944336 /* Products */;
			projectDirPath = "";
			projectRoot = "";
			targets = (
				F42F78D12519160F00944336 /* SW02 */,
				F42F78E72519161200944336 /* SW02Tests */,
				F42F78F22519161200944336 /* SW02UITests */,
			);
		};
/* End PBXProject section */

/* Begin PBXResourcesBuildPhase section */
		F42F78D02519160F00944336 /* Resources */ = {
			isa = PBXResourcesBuildPhase;
			buildActionMask = 2147483647;
			files = (
				F42F78E22519161100944336 /* LaunchScreen.storyboard in Resources */,
				F42F78DF2519161100944336 /* Assets.xcassets in Resources */,
				F42F78DD2519160F00944336 /* Main.storyboard in Resources */,
			);
			runOnlyForDeploymentPostprocessing = 0;
		};
		F42F78E62519161200944336 /* Resources */ = {
			isa = PBXResourcesBuildPhase;
			buildActionMask = 2147483647;
			files = (
			);
			runOnlyForDeploymentPostprocessing = 0;
		};
		F42F78F12519161200944336 /* Resources */ = {
			isa = PBXResourcesBuildPhase;
			buildActionMask = 2147483647;
			files = (
			);
			runOnlyForDeploymentPostprocessing = 0;
		};
/* End PBXResourcesBuildPhase section */

/* Begin PBXSourcesBuildPhase section */
		F42F78CE2519160F00944336 /* Sources */ = {
			isa = PBXSourcesBuildPhase;
			buildActionMask = 2147483647;
			files = (
				F42F78DA2519160F00944336 /* ViewController.swift in Sources */,
				F42F78D62519160F00944336 /* AppDelegate.swift in Sources */,
				F42F78D82519160F00944336 /* SceneDelegate.swift in Sources */,
			);
			runOnlyForDeploymentPostprocessing = 0;
		};
		F42F78E42519161200944336 /* Sources */ = {
			isa = PBXSourcesBuildPhase;
			buildActionMask = 2147483647;
			files = (
				F42F78ED2519161200944336 /* SW02Tests.swift in Sources */,
			);
			runOnlyForDeploymentPostprocessing = 0;
		};
		F42F78EF2519161200944336 /* Sources */ = {
			isa = PBXSourcesBuildPhase;
			buildActionMask = 2147483647;
			files = (
				F42F78F82519161200944336 /* SW02UITests.swift in Sources */,
			);
			runOnlyForDeploymentPostprocessing = 0;
		};
/* End PBXSourcesBuildPhase section */

/* Begin PBXTargetDependency section */
		F42F78EA2519161200944336 /* PBXTargetDependency */ = {
			isa = PBXTargetDependency;
			target = F42F78D12519160F00944336 /* SW02 */;
			targetProxy = F42F78E92519161200944336 /* PBXContainerItemProxy */;
		};
		F42F78F52519161200944336 /* PBXTargetDependency */ = {
			isa = PBXTargetDependency;
			target = F42F78D12519160F00944336 /* SW02 */;
			targetProxy = F42F78F42519161200944336 /* PBXContainerItemProxy */;
		};
/* End PBXTargetDependency section */

/* Begin PBXVariantGroup section */
		F42F78DB2519160F00944336 /* Main.storyboard */ = {
			isa = PBXVariantGroup;
			children = (
				F42F78DC2519160F00944336 /* Base */,
			);
			name = Main.storyboard;
			sourceTree = "<group>";
		};
		F42F78E02519161100944336 /* LaunchScreen.storyboard */ = {
			isa = PBXVariantGroup;
			children = (
				F42F78E12519161100944336 /* Base */,
			);
			name = LaunchScreen.storyboard;
			sourceTree = "<group>";
		};
/* End PBXVariantGroup section */

/* Begin XCBuildConfiguration section */
		F42F78FA2519161200944336 /* Debug */ = {
			isa = XCBuildConfiguration;
			buildSettings = {
				ALWAYS_SEARCH_USER_PATHS = NO;
				CLANG_ANALYZER_NONNULL = YES;
				CLANG_ANALYZER_NUMBER_OBJECT_CONVERSION = YES_AGGRESSIVE;
				CLANG_CXX_LANGUAGE_STANDARD = "gnu++14";
				CLANG_CXX_LIBRARY = "libc++";
				CLANG_ENABLE_MODULES = YES;
				CLANG_ENABLE_OBJC_ARC = YES;
				CLANG_ENABLE_OBJC_WEAK = YES;
				CLANG_WARN_BLOCK_CAPTURE_AUTORELEASING = YES;
				CLANG_WARN_BOOL_CONVERSION = YES;
				CLANG_WARN_COMMA = YES;
				CLANG_WARN_CONSTANT_CONVERSION = YES;
				CLANG_WARN_DEPRECATED_OBJC_IMPLEMENTATIONS = YES;
				CLANG_WARN_DIRECT_OBJC_ISA_USAGE = YES_ERROR;
				CLANG_WARN_DOCUMENTATION_COMMENTS = YES;
				CLANG_WARN_EMPTY_BODY = YES;
				CLANG_WARN_ENUM_CONVERSION = YES;
				CLANG_WARN_INFINITE_RECURSION = YES;
				CLANG_WARN_INT_CONVERSION = YES;
				CLANG_WARN_NON_LITERAL_NULL_CONVERSION = YES;
				CLANG_WARN_OBJC_IMPLICIT_RETAIN_SELF = YES;
				CLANG_WARN_OBJC_LITERAL_CONVERSION = YES;
				CLANG_WARN_OBJC_ROOT_CLASS = YES_ERROR;
				CLANG_WARN_QUOTED_INCLUDE_IN_FRAMEWORK_HEADER = YES;
				CLANG_WARN_RANGE_LOOP_ANALYSIS = YES;
				CLANG_WARN_STRICT_PROTOTYPES = YES;
				CLANG_WARN_SUSPICIOUS_MOVE = YES;
				CLANG_WARN_UNGUARDED_AVAILABILITY = YES_AGGRESSIVE;
				CLANG_WARN_UNREACHABLE_CODE = YES;
				CLANG_WARN__DUPLICATE_METHOD_MATCH = YES;
				COPY_PHASE_STRIP = NO;
				DEBUG_INFORMATION_FORMAT = dwarf;
				ENABLE_STRICT_OBJC_MSGSEND = YES;
				ENABLE_TESTABILITY = YES;
				GCC_C_LANGUAGE_STANDARD = gnu11;
				GCC_DYNAMIC_NO_PIC = NO;
				GCC_NO_COMMON_BLOCKS = YES;
				GCC_OPTIMIZATION_LEVEL = 0;
				GCC_PREPROCESSOR_DEFINITIONS = (
					"DEBUG=1",
					"$(inherited)",
				);
				GCC_WARN_64_TO_32_BIT_CONVERSION = YES;
				GCC_WARN_ABOUT_RETURN_TYPE = YES_ERROR;
				GCC_WARN_UNDECLARED_SELECTOR = YES;
				GCC_WARN_UNINITIALIZED_AUTOS = YES_AGGRESSIVE;
				GCC_WARN_UNUSED_FUNCTION = YES;
				GCC_WARN_UNUSED_VARIABLE = YES;
				IPHONEOS_DEPLOYMENT_TARGET = 14.0;
				MTL_ENABLE_DEBUG_INFO = INCLUDE_SOURCE;
				MTL_FAST_MATH = YES;
				ONLY_ACTIVE_ARCH = YES;
				SDKROOT = iphoneos;
				SWIFT_ACTIVE_COMPILATION_CONDITIONS = DEBUG;
				SWIFT_OPTIMIZATION_LEVEL = "-Onone";
			};
			name = Debug;
		};
		F42F78FB2519161200944336 /* Release */ = {
			isa = XCBuildConfiguration;
			buildSettings = {
				ALWAYS_SEARCH_USER_PATHS = NO;
				CLANG_ANALYZER_NONNULL = YES;
				CLANG_ANALYZER_NUMBER_OBJECT_CONVERSION = YES_AGGRESSIVE;
				CLANG_CXX_LANGUAGE_STANDARD = "gnu++14";
				CLANG_CXX_LIBRARY = "libc++";
				CLANG_ENABLE_MODULES = YES;
				CLANG_ENABLE_OBJC_ARC = YES;
				CLANG_ENABLE_OBJC_WEAK = YES;
				CLANG_WARN_BLOCK_CAPTURE_AUTORELEASING = YES;
				CLANG_WARN_BOOL_CONVERSION = YES;
				CLANG_WARN_COMMA = YES;
				CLANG_WARN_CONSTANT_CONVERSION = YES;
				CLANG_WARN_DEPRECATED_OBJC_IMPLEMENTATIONS = YES;
				CLANG_WARN_DIRECT_OBJC_ISA_USAGE = YES_ERROR;
				CLANG_WARN_DOCUMENTATION_COMMENTS = YES;
				CLANG_WARN_EMPTY_BODY = YES;
				CLANG_WARN_ENUM_CONVERSION = YES;
				CLANG_WARN_INFINITE_RECURSION = YES;
				CLANG_WARN_INT_CONVERSION = YES;
				CLANG_WARN_NON_LITERAL_NULL_CONVERSION = YES;
				CLANG_WARN_OBJC_IMPLICIT_RETAIN_SELF = YES;
				CLANG_WARN_OBJC_LITERAL_CONVERSION = YES;
				CLANG_WARN_OBJC_ROOT_CLASS = YES_ERROR;
				CLANG_WARN_QUOTED_INCLUDE_IN_FRAMEWORK_HEADER = YES;
				CLANG_WARN_RANGE_LOOP_ANALYSIS = YES;
				CLANG_WARN_STRICT_PROTOTYPES = YES;
				CLANG_WARN_SUSPICIOUS_MOVE = YES;
				CLANG_WARN_UNGUARDED_AVAILABILITY = YES_AGGRESSIVE;
				CLANG_WARN_UNREACHABLE_CODE = YES;
				CLANG_WARN__DUPLICATE_METHOD_MATCH = YES;
				COPY_PHASE_STRIP = NO;
				DEBUG_INFORMATION_FORMAT = "dwarf-with-dsym";
				ENABLE_NS_ASSERTIONS = NO;
				ENABLE_STRICT_OBJC_MSGSEND = YES;
				GCC_C_LANGUAGE_STANDARD = gnu11;
				GCC_NO_COMMON_BLOCKS = YES;
				GCC_WARN_64_TO_32_BIT_CONVERSION = YES;
				GCC_WARN_ABOUT_RETURN_TYPE = YES_ERROR;
				GCC_WARN_UNDECLARED_SELECTOR = YES;
				GCC_WARN_UNINITIALIZED_AUTOS = YES_AGGRESSIVE;
				GCC_WARN_UNUSED_FUNCTION = YES;
				GCC_WARN_UNUSED_VARIABLE = YES;
				IPHONEOS_DEPLOYMENT_TARGET = 14.0;
				MTL_ENABLE_DEBUG_INFO = NO;
				MTL_FAST_MATH = YES;
				SDKROOT = iphoneos;
				SWIFT_COMPILATION_MODE = wholemodule;
				SWIFT_OPTIMIZATION_LEVEL = "-O";
				VALIDATE_PRODUCT = YES;
			};
			name = Release;
		};
		F42F78FD2519161200944336 /* Debug */ = {
			isa = XCBuildConfiguration;
			buildSettings = {
				ASSETCATALOG_COMPILER_APPICON_NAME = AppIcon;
				ASSETCATALOG_COMPILER_GLOBAL_ACCENT_COLOR_NAME = AccentColor;
				CODE_SIGN_STYLE = Automatic;
				INFOPLIST_FILE = SW02/Info.plist;
				LD_RUNPATH_SEARCH_PATHS = (
					"$(inherited)",
					"@executable_path/Frameworks",
				);
				PRODUCT_BUNDLE_IDENTIFIER = com.simon.SW02;
				PRODUCT_NAME = "$(TARGET_NAME)";
				SWIFT_VERSION = 5.0;
				TARGETED_DEVICE_FAMILY = "1,2";
			};
			name = Debug;
		};
		F42F78FE2519161200944336 /* Release */ = {
			isa = XCBuildConfiguration;
			buildSettings = {
				ASSETCATALOG_COMPILER_APPICON_NAME = AppIcon;
				ASSETCATALOG_COMPILER_GLOBAL_ACCENT_COLOR_NAME = AccentColor;
				CODE_SIGN_STYLE = Automatic;
				INFOPLIST_FILE = SW02/Info.plist;
				LD_RUNPATH_SEARCH_PATHS = (
					"$(inherited)",
					"@executable_path/Frameworks",
				);
				PRODUCT_BUNDLE_IDENTIFIER = com.simon.SW02;
				PRODUCT_NAME = "$(TARGET_NAME)";
				SWIFT_VERSION = 5.0;
				TARGETED_DEVICE_FAMILY = "1,2";
			};
			name = Release;
		};
		F42F79002519161200944336 /* Debug */ = {
			isa = XCBuildConfiguration;
			buildSettings = {
				ALWAYS_EMBED_SWIFT_STANDARD_LIBRARIES = YES;
				BUNDLE_LOADER = "$(TEST_HOST)";
				CODE_SIGN_STYLE = Automatic;
				INFOPLIST_FILE = SW02Tests/Info.plist;
				IPHONEOS_DEPLOYMENT_TARGET = 14.0;
				LD_RUNPATH_SEARCH_PATHS = (
					"$(inherited)",
					"@executable_path/Frameworks",
					"@loader_path/Frameworks",
				);
				PRODUCT_BUNDLE_IDENTIFIER = com.simon.SW02Tests;
				PRODUCT_NAME = "$(TARGET_NAME)";
				SWIFT_VERSION = 5.0;
				TARGETED_DEVICE_FAMILY = "1,2";
				TEST_HOST = "$(BUILT_PRODUCTS_DIR)/SW02.app/SW02";
			};
			name = Debug;
		};
		F42F79012519161200944336 /* Release */ = {
			isa = XCBuildConfiguration;
			buildSettings = {
				ALWAYS_EMBED_SWIFT_STANDARD_LIBRARIES = YES;
				BUNDLE_LOADER = "$(TEST_HOST)";
				CODE_SIGN_STYLE = Automatic;
				INFOPLIST_FILE = SW02Tests/Info.plist;
				IPHONEOS_DEPLOYMENT_TARGET = 14.0;
				LD_RUNPATH_SEARCH_PATHS = (
					"$(inherited)",
					"@executable_path/Frameworks",
					"@loader_path/Frameworks",
				);
				PRODUCT_BUNDLE_IDENTIFIER = com.simon.SW02Tests;
				PRODUCT_NAME = "$(TARGET_NAME)";
				SWIFT_VERSION = 5.0;
				TARGETED_DEVICE_FAMILY = "1,2";
				TEST_HOST = "$(BUILT_PRODUCTS_DIR)/SW02.app/SW02";
			};
			name = Release;
		};
		F42F79032519161200944336 /* Debug */ = {
			isa = XCBuildConfiguration;
			buildSettings = {
				ALWAYS_EMBED_SWIFT_STANDARD_LIBRARIES = YES;
				CODE_SIGN_STYLE = Automatic;
				INFOPLIST_FILE = SW02UITests/Info.plist;
				LD_RUNPATH_SEARCH_PATHS = (
					"$(inherited)",
					"@executable_path/Frameworks",
					"@loader_path/Frameworks",
				);
				PRODUCT_BUNDLE_IDENTIFIER = com.simon.SW02UITests;
				PRODUCT_NAME = "$(TARGET_NAME)";
				SWIFT_VERSION = 5.0;
				TARGETED_DEVICE_FAMILY = "1,2";
				TEST_TARGET_NAME = SW02;
			};
			name = Debug;
		};
		F42F79042519161200944336 /* Release */ = {
			isa = XCBuildConfiguration;
			buildSettings = {
				ALWAYS_EMBED_SWIFT_STANDARD_LIBRARIES = YES;
				CODE_SIGN_STYLE = Automatic;
				INFOPLIST_FILE = SW02UITests/Info.plist;
				LD_RUNPATH_SEARCH_PATHS = (
					"$(inherited)",
					"@executable_path/Frameworks",
					"@loader_path/Frameworks",
				);
				PRODUCT_BUNDLE_IDENTIFIER = com.simon.SW02UITests;
				PRODUCT_NAME = "$(TARGET_NAME)";
				SWIFT_VERSION = 5.0;
				TARGETED_DEVICE_FAMILY = "1,2";
				TEST_TARGET_NAME = SW02;
			};
			name = Release;
		};
/* End XCBuildConfiguration section */

/* Begin XCConfigurationList section */
		F42F78CD2519160F00944336 /* Build configuration list for PBXProject "SW02" */ = {
			isa = XCConfigurationList;
			buildConfigurations = (
				F42F78FA2519161200944336 /* Debug */,
				F42F78FB2519161200944336 /* Release */,
			);
			defaultConfigurationIsVisible = 0;
			defaultConfigurationName = Release;
		};
		F42F78FC2519161200944336 /* Build configuration list for PBXNativeTarget "SW02" */ = {
			isa = XCConfigurationList;
			buildConfigurations = (
				F42F78FD2519161200944336 /* Debug */,
				F42F78FE2519161200944336 /* Release */,
			);
			defaultConfigurationIsVisible = 0;
			defaultConfigurationName = Release;
		};
		F42F78FF2519161200944336 /* Build configuration list for PBXNativeTarget "SW02Tests" */ = {
			isa = XCConfigurationList;
			buildConfigurations = (
				F42F79002519161200944336 /* Debug */,
				F42F79012519161200944336 /* Release */,
			);
			defaultConfigurationIsVisible = 0;
			defaultConfigurationName = Release;
		};
		F42F79022519161200944336 /* Build configuration list for PBXNativeTarget "SW02UITests" */ = {
			isa = XCConfigurationList;
			buildConfigurations = (
				F42F79032519161200944336 /* Debug */,
				F42F79042519161200944336 /* Release */,
			);
			defaultConfigurationIsVisible = 0;
			defaultConfigurationName = Release;
		};
/* End XCConfigurationList section */
	};
	rootObject = F42F78CA2519160F00944336 /* Project object */;
}
